// !$*UTF8*$!
{
	archiveVersion = 1;
	classes = {
	};
	objectVersion = 55;
	objects = {

/* Begin PBXBuildFile section */
		F82420D4276CDBF10004A63E /* Constants.swift in Sources */ = {isa = PBXBuildFile; fileRef = F82420D3276CDBF10004A63E /* Constants.swift */; };
		F82420D6276CDF890004A63E /* CardGroupViewModel.swift in Sources */ = {isa = PBXBuildFile; fileRef = F82420D5276CDF890004A63E /* CardGroupViewModel.swift */; };
		F82420DA276CE92B0004A63E /* ContextualCardGroup.swift in Sources */ = {isa = PBXBuildFile; fileRef = F82420D9276CE92B0004A63E /* ContextualCardGroup.swift */; };
		F82420DE276CEC330004A63E /* CardItems.swift in Sources */ = {isa = PBXBuildFile; fileRef = F82420DD276CEC330004A63E /* CardItems.swift */; };
		F82420E2276CEFBD0004A63E /* SmallDisplayCard.swift in Sources */ = {isa = PBXBuildFile; fileRef = F82420E1276CEFBD0004A63E /* SmallDisplayCard.swift */; };
		F82420E4276CEFCD0004A63E /* BigDisplayCard.swift in Sources */ = {isa = PBXBuildFile; fileRef = F82420E3276CEFCD0004A63E /* BigDisplayCard.swift */; };
		F82420E6276CF0150004A63E /* ImageCardView.swift in Sources */ = {isa = PBXBuildFile; fileRef = F82420E5276CF0150004A63E /* ImageCardView.swift */; };
		F82420EA276CF0670004A63E /* DynamicWidthCard.swift in Sources */ = {isa = PBXBuildFile; fileRef = F82420E9276CF0670004A63E /* DynamicWidthCard.swift */; };
		F82420ED276CF6B60004A63E /* CardViewModel.swift in Sources */ = {isa = PBXBuildFile; fileRef = F82420EC276CF6B60004A63E /* CardViewModel.swift */; };
		F82420EF276CF7D90004A63E /* GenericCard.swift in Sources */ = {isa = PBXBuildFile; fileRef = F82420EE276CF7D90004A63E /* GenericCard.swift */; };
		F82420F2276D03100004A63E /* Color+Extensions.swift in Sources */ = {isa = PBXBuildFile; fileRef = F82420F1276D03100004A63E /* Color+Extensions.swift */; };
		F82420F6276D0CFF0004A63E /* Roboto-Regular.ttf in Resources */ = {isa = PBXBuildFile; fileRef = F82420F5276D0CFF0004A63E /* Roboto-Regular.ttf */; };
		F82420F7276D0CFF0004A63E /* Roboto-Regular.ttf in Resources */ = {isa = PBXBuildFile; fileRef = F82420F5276D0CFF0004A63E /* Roboto-Regular.ttf */; };
		F82420FA276D1B7E0004A63E /* HC3Background.swift in Sources */ = {isa = PBXBuildFile; fileRef = F82420F9276D1B7E0004A63E /* HC3Background.swift */; };
		F82420FB276D1B7E0004A63E /* HC3Background.swift in Sources */ = {isa = PBXBuildFile; fileRef = F82420F9276D1B7E0004A63E /* HC3Background.swift */; };
		F82420FD276D1FBD0004A63E /* CTAViewModel.swift in Sources */ = {isa = PBXBuildFile; fileRef = F82420FC276D1FBD0004A63E /* CTAViewModel.swift */; };
		F82420FE276D1FBD0004A63E /* CTAViewModel.swift in Sources */ = {isa = PBXBuildFile; fileRef = F82420FC276D1FBD0004A63E /* CTAViewModel.swift */; };
		F8242100276D22530004A63E /* CTAButton.swift in Sources */ = {isa = PBXBuildFile; fileRef = F82420FF276D22530004A63E /* CTAButton.swift */; };
		F8242101276D22530004A63E /* CTAButton.swift in Sources */ = {isa = PBXBuildFile; fileRef = F82420FF276D22530004A63E /* CTAButton.swift */; };
		F8242106276DA8D60004A63E /* SmallDisplayIcon.swift in Sources */ = {isa = PBXBuildFile; fileRef = F8242105276DA8D60004A63E /* SmallDisplayIcon.swift */; };
		F8242107276DA8D60004A63E /* SmallDisplayIcon.swift in Sources */ = {isa = PBXBuildFile; fileRef = F8242105276DA8D60004A63E /* SmallDisplayIcon.swift */; };
		F8242109276DC3B50004A63E /* HC9Background.swift in Sources */ = {isa = PBXBuildFile; fileRef = F8242108276DC3B50004A63E /* HC9Background.swift */; };
		F824210A276DC3B50004A63E /* HC9Background.swift in Sources */ = {isa = PBXBuildFile; fileRef = F8242108276DC3B50004A63E /* HC9Background.swift */; };
		F824210C276DCEA50004A63E /* HC5Background.swift in Sources */ = {isa = PBXBuildFile; fileRef = F824210B276DCEA50004A63E /* HC5Background.swift */; };
		F824210D276DCEA50004A63E /* HC5Background.swift in Sources */ = {isa = PBXBuildFile; fileRef = F824210B276DCEA50004A63E /* HC5Background.swift */; };
		F8242111276DF6290004A63E /* ContextualViewModel.swift in Sources */ = {isa = PBXBuildFile; fileRef = F8242110276DF6290004A63E /* ContextualViewModel.swift */; };
		F8242112276DF6290004A63E /* ContextualViewModel.swift in Sources */ = {isa = PBXBuildFile; fileRef = F8242110276DF6290004A63E /* ContextualViewModel.swift */; };
		F8242115276E045A0004A63E /* CachedAsyncImage in Frameworks */ = {isa = PBXBuildFile; productRef = F8242114276E045A0004A63E /* CachedAsyncImage */; };
		F8242117276E091F0004A63E /* CVNavBar.swift in Sources */ = {isa = PBXBuildFile; fileRef = F8242116276E091F0004A63E /* CVNavBar.swift */; };
		F8242118276E091F0004A63E /* CVNavBar.swift in Sources */ = {isa = PBXBuildFile; fileRef = F8242116276E091F0004A63E /* CVNavBar.swift */; };
		F824211D276E0A460004A63E /* CVNavigationView.swift in Sources */ = {isa = PBXBuildFile; fileRef = F824211C276E0A460004A63E /* CVNavigationView.swift */; };
		F824211E276E0A460004A63E /* CVNavigationView.swift in Sources */ = {isa = PBXBuildFile; fileRef = F824211C276E0A460004A63E /* CVNavigationView.swift */; };
		F8242120276F27450004A63E /* SwipeDrawerButton.swift in Sources */ = {isa = PBXBuildFile; fileRef = F824211F276F27450004A63E /* SwipeDrawerButton.swift */; };
		F8242121276F27450004A63E /* SwipeDrawerButton.swift in Sources */ = {isa = PBXBuildFile; fileRef = F824211F276F27450004A63E /* SwipeDrawerButton.swift */; };
		F8242123276F35B80004A63E /* CVLoader.swift in Sources */ = {isa = PBXBuildFile; fileRef = F8242122276F35B80004A63E /* CVLoader.swift */; };
		F8242124276F35B80004A63E /* CVLoader.swift in Sources */ = {isa = PBXBuildFile; fileRef = F8242122276F35B80004A63E /* CVLoader.swift */; };
		F8242126276F3EFC0004A63E /* LaunchScreen.storyboard in Resources */ = {isa = PBXBuildFile; fileRef = F8242125276F3EFC0004A63E /* LaunchScreen.storyboard */; };
		F8242127276F3EFC0004A63E /* LaunchScreen.storyboard in Resources */ = {isa = PBXBuildFile; fileRef = F8242125276F3EFC0004A63E /* LaunchScreen.storyboard */; };
		F8242129276F506B0004A63E /* Roboto-Medium.ttf in Resources */ = {isa = PBXBuildFile; fileRef = F8242128276F506B0004A63E /* Roboto-Medium.ttf */; };
		F824212A276F506B0004A63E /* Roboto-Medium.ttf in Resources */ = {isa = PBXBuildFile; fileRef = F8242128276F506B0004A63E /* Roboto-Medium.ttf */; };
		F824212C276F61E30004A63E /* SwipeDrawer.swift in Sources */ = {isa = PBXBuildFile; fileRef = F824212B276F61E30004A63E /* SwipeDrawer.swift */; };
		F824212D276F61E30004A63E /* SwipeDrawer.swift in Sources */ = {isa = PBXBuildFile; fileRef = F824212B276F61E30004A63E /* SwipeDrawer.swift */; };
		F824212F276F6B5A0004A63E /* Image+Extensions.swift in Sources */ = {isa = PBXBuildFile; fileRef = F824212E276F6B5A0004A63E /* Image+Extensions.swift */; };
		F8242130276F6B5A0004A63E /* Image+Extensions.swift in Sources */ = {isa = PBXBuildFile; fileRef = F824212E276F6B5A0004A63E /* Image+Extensions.swift */; };
		F8242132276F6B8B0004A63E /* View+Extensions.swift in Sources */ = {isa = PBXBuildFile; fileRef = F8242131276F6B8B0004A63E /* View+Extensions.swift */; };
		F8242133276F6B8B0004A63E /* View+Extensions.swift in Sources */ = {isa = PBXBuildFile; fileRef = F8242131276F6B8B0004A63E /* View+Extensions.swift */; };
		F8242135276F6F070004A63E /* roboto.regular.ttf in Resources */ = {isa = PBXBuildFile; fileRef = F8242134276F6F070004A63E /* roboto.regular.ttf */; };
		F8242136276F6F070004A63E /* roboto.regular.ttf in Resources */ = {isa = PBXBuildFile; fileRef = F8242134276F6F070004A63E /* roboto.regular.ttf */; };
		F839D145276CD07D00756044 /* ContextualViewsApp.swift in Sources */ = {isa = PBXBuildFile; fileRef = F839D135276CD07B00756044 /* ContextualViewsApp.swift */; };
		F839D146276CD07D00756044 /* ContextualViewsApp.swift in Sources */ = {isa = PBXBuildFile; fileRef = F839D135276CD07B00756044 /* ContextualViewsApp.swift */; };
		F839D147276CD07D00756044 /* ContentView.swift in Sources */ = {isa = PBXBuildFile; fileRef = F839D136276CD07B00756044 /* ContentView.swift */; };
		F839D148276CD07D00756044 /* ContentView.swift in Sources */ = {isa = PBXBuildFile; fileRef = F839D136276CD07B00756044 /* ContentView.swift */; };
		F839D149276CD07D00756044 /* Assets.xcassets in Resources */ = {isa = PBXBuildFile; fileRef = F839D137276CD07D00756044 /* Assets.xcassets */; };
		F839D14A276CD07D00756044 /* Assets.xcassets in Resources */ = {isa = PBXBuildFile; fileRef = F839D137276CD07D00756044 /* Assets.xcassets */; };
		F87A62D4276CD4020083FBE1 /* Card.swift in Sources */ = {isa = PBXBuildFile; fileRef = F87A62D3276CD4020083FBE1 /* Card.swift */; };
		F87A62D5276CD4020083FBE1 /* Card.swift in Sources */ = {isa = PBXBuildFile; fileRef = F87A62D3276CD4020083FBE1 /* Card.swift */; };
		F87A62D8276CD43A0083FBE1 /* ContextualView.swift in Sources */ = {isa = PBXBuildFile; fileRef = F87A62D7276CD43A0083FBE1 /* ContextualView.swift */; };
		F87A62D9276CD43A0083FBE1 /* ContextualView.swift in Sources */ = {isa = PBXBuildFile; fileRef = F87A62D7276CD43A0083FBE1 /* ContextualView.swift */; };
		F87A62DC276CD4840083FBE1 /* ContextController.swift in Sources */ = {isa = PBXBuildFile; fileRef = F87A62DB276CD4840083FBE1 /* ContextController.swift */; };
		F87A62DD276CD4840083FBE1 /* ContextController.swift in Sources */ = {isa = PBXBuildFile; fileRef = F87A62DB276CD4840083FBE1 /* ContextController.swift */; };
		F87A62E0276CD5C50083FBE1 /* Webservice.swift in Sources */ = {isa = PBXBuildFile; fileRef = F87A62DF276CD5C50083FBE1 /* Webservice.swift */; };
		F87A62E1276CD5C50083FBE1 /* Webservice.swift in Sources */ = {isa = PBXBuildFile; fileRef = F87A62DF276CD5C50083FBE1 /* Webservice.swift */; };
/* End PBXBuildFile section */

/* Begin PBXFileReference section */
		F82420D3276CDBF10004A63E /* Constants.swift */ = {isa = PBXFileReference; lastKnownFileType = sourcecode.swift; path = Constants.swift; sourceTree = "<group>"; };
		F82420D5276CDF890004A63E /* CardGroupViewModel.swift */ = {isa = PBXFileReference; lastKnownFileType = sourcecode.swift; path = CardGroupViewModel.swift; sourceTree = "<group>"; };
		F82420D9276CE92B0004A63E /* ContextualCardGroup.swift */ = {isa = PBXFileReference; lastKnownFileType = sourcecode.swift; path = ContextualCardGroup.swift; sourceTree = "<group>"; };
		F82420DD276CEC330004A63E /* CardItems.swift */ = {isa = PBXFileReference; lastKnownFileType = sourcecode.swift; path = CardItems.swift; sourceTree = "<group>"; };
		F82420E1276CEFBD0004A63E /* SmallDisplayCard.swift */ = {isa = PBXFileReference; lastKnownFileType = sourcecode.swift; path = SmallDisplayCard.swift; sourceTree = "<group>"; };
		F82420E3276CEFCD0004A63E /* BigDisplayCard.swift */ = {isa = PBXFileReference; lastKnownFileType = sourcecode.swift; path = BigDisplayCard.swift; sourceTree = "<group>"; };
		F82420E5276CF0150004A63E /* ImageCardView.swift */ = {isa = PBXFileReference; lastKnownFileType = sourcecode.swift; path = ImageCardView.swift; sourceTree = "<group>"; };
		F82420E9276CF0670004A63E /* DynamicWidthCard.swift */ = {isa = PBXFileReference; lastKnownFileType = sourcecode.swift; path = DynamicWidthCard.swift; sourceTree = "<group>"; };
		F82420EC276CF6B60004A63E /* CardViewModel.swift */ = {isa = PBXFileReference; lastKnownFileType = sourcecode.swift; path = CardViewModel.swift; sourceTree = "<group>"; };
		F82420EE276CF7D90004A63E /* GenericCard.swift */ = {isa = PBXFileReference; lastKnownFileType = sourcecode.swift; path = GenericCard.swift; sourceTree = "<group>"; };
		F82420F1276D03100004A63E /* Color+Extensions.swift */ = {isa = PBXFileReference; lastKnownFileType = sourcecode.swift; path = "Color+Extensions.swift"; sourceTree = "<group>"; };
		F82420F3276D0AF40004A63E /* ContextualViews--iOS--Info.plist */ = {isa = PBXFileReference; lastKnownFileType = text.plist; path = "ContextualViews--iOS--Info.plist"; sourceTree = "<group>"; };
		F82420F5276D0CFF0004A63E /* Roboto-Regular.ttf */ = {isa = PBXFileReference; lastKnownFileType = file; path = "Roboto-Regular.ttf"; sourceTree = "<group>"; };
		F82420F9276D1B7E0004A63E /* HC3Background.swift */ = {isa = PBXFileReference; lastKnownFileType = sourcecode.swift; path = HC3Background.swift; sourceTree = "<group>"; };
		F82420FC276D1FBD0004A63E /* CTAViewModel.swift */ = {isa = PBXFileReference; lastKnownFileType = sourcecode.swift; path = CTAViewModel.swift; sourceTree = "<group>"; };
		F82420FF276D22530004A63E /* CTAButton.swift */ = {isa = PBXFileReference; lastKnownFileType = sourcecode.swift; path = CTAButton.swift; sourceTree = "<group>"; };
		F8242105276DA8D60004A63E /* SmallDisplayIcon.swift */ = {isa = PBXFileReference; lastKnownFileType = sourcecode.swift; path = SmallDisplayIcon.swift; sourceTree = "<group>"; };
		F8242108276DC3B50004A63E /* HC9Background.swift */ = {isa = PBXFileReference; lastKnownFileType = sourcecode.swift; path = HC9Background.swift; sourceTree = "<group>"; };
		F824210B276DCEA50004A63E /* HC5Background.swift */ = {isa = PBXFileReference; lastKnownFileType = sourcecode.swift; path = HC5Background.swift; sourceTree = "<group>"; };
		F8242110276DF6290004A63E /* ContextualViewModel.swift */ = {isa = PBXFileReference; lastKnownFileType = sourcecode.swift; path = ContextualViewModel.swift; sourceTree = "<group>"; };
		F8242116276E091F0004A63E /* CVNavBar.swift */ = {isa = PBXFileReference; lastKnownFileType = sourcecode.swift; path = CVNavBar.swift; sourceTree = "<group>"; };
		F824211C276E0A460004A63E /* CVNavigationView.swift */ = {isa = PBXFileReference; lastKnownFileType = sourcecode.swift; path = CVNavigationView.swift; sourceTree = "<group>"; };
		F824211F276F27450004A63E /* SwipeDrawerButton.swift */ = {isa = PBXFileReference; lastKnownFileType = sourcecode.swift; path = SwipeDrawerButton.swift; sourceTree = "<group>"; };
		F8242122276F35B80004A63E /* CVLoader.swift */ = {isa = PBXFileReference; lastKnownFileType = sourcecode.swift; path = CVLoader.swift; sourceTree = "<group>"; };
		F8242125276F3EFC0004A63E /* LaunchScreen.storyboard */ = {isa = PBXFileReference; lastKnownFileType = file.storyboard; path = LaunchScreen.storyboard; sourceTree = "<group>"; };
		F8242128276F506B0004A63E /* Roboto-Medium.ttf */ = {isa = PBXFileReference; lastKnownFileType = file; path = "Roboto-Medium.ttf"; sourceTree = "<group>"; };
		F824212B276F61E30004A63E /* SwipeDrawer.swift */ = {isa = PBXFileReference; lastKnownFileType = sourcecode.swift; path = SwipeDrawer.swift; sourceTree = "<group>"; };
		F824212E276F6B5A0004A63E /* Image+Extensions.swift */ = {isa = PBXFileReference; lastKnownFileType = sourcecode.swift; path = "Image+Extensions.swift"; sourceTree = "<group>"; };
		F8242131276F6B8B0004A63E /* View+Extensions.swift */ = {isa = PBXFileReference; lastKnownFileType = sourcecode.swift; path = "View+Extensions.swift"; sourceTree = "<group>"; };
		F8242134276F6F070004A63E /* roboto.regular.ttf */ = {isa = PBXFileReference; lastKnownFileType = file; path = roboto.regular.ttf; sourceTree = "<group>"; };
		F839D135276CD07B00756044 /* ContextualViewsApp.swift */ = {isa = PBXFileReference; lastKnownFileType = sourcecode.swift; path = ContextualViewsApp.swift; sourceTree = "<group>"; };
		F839D136276CD07B00756044 /* ContentView.swift */ = {isa = PBXFileReference; lastKnownFileType = sourcecode.swift; path = ContentView.swift; sourceTree = "<group>"; };
		F839D137276CD07D00756044 /* Assets.xcassets */ = {isa = PBXFileReference; lastKnownFileType = folder.assetcatalog; path = Assets.xcassets; sourceTree = "<group>"; };
		F839D13C276CD07D00756044 /* ContextualViews.app */ = {isa = PBXFileReference; explicitFileType = wrapper.application; includeInIndex = 0; path = ContextualViews.app; sourceTree = BUILT_PRODUCTS_DIR; };
		F839D142276CD07D00756044 /* ContextualViews.app */ = {isa = PBXFileReference; explicitFileType = wrapper.application; includeInIndex = 0; path = ContextualViews.app; sourceTree = BUILT_PRODUCTS_DIR; };
		F839D144276CD07D00756044 /* macOS.entitlements */ = {isa = PBXFileReference; lastKnownFileType = text.plist.entitlements; path = macOS.entitlements; sourceTree = "<group>"; };
		F87A62D3276CD4020083FBE1 /* Card.swift */ = {isa = PBXFileReference; lastKnownFileType = sourcecode.swift; path = Card.swift; sourceTree = "<group>"; };
		F87A62D7276CD43A0083FBE1 /* ContextualView.swift */ = {isa = PBXFileReference; lastKnownFileType = sourcecode.swift; path = ContextualView.swift; sourceTree = "<group>"; };
		F87A62DB276CD4840083FBE1 /* ContextController.swift */ = {isa = PBXFileReference; lastKnownFileType = sourcecode.swift; path = ContextController.swift; sourceTree = "<group>"; };
		F87A62DF276CD5C50083FBE1 /* Webservice.swift */ = {isa = PBXFileReference; lastKnownFileType = sourcecode.swift; path = Webservice.swift; sourceTree = "<group>"; };
/* End PBXFileReference section */

/* Begin PBXFrameworksBuildPhase section */
		F839D139276CD07D00756044 /* Frameworks */ = {
			isa = PBXFrameworksBuildPhase;
			buildActionMask = 2147483647;
			files = (
				F8242115276E045A0004A63E /* CachedAsyncImage in Frameworks */,
			);
			runOnlyForDeploymentPostprocessing = 0;
		};
		F839D13F276CD07D00756044 /* Frameworks */ = {
			isa = PBXFrameworksBuildPhase;
			buildActionMask = 2147483647;
			files = (
			);
			runOnlyForDeploymentPostprocessing = 0;
		};
/* End PBXFrameworksBuildPhase section */

/* Begin PBXGroup section */
		F82420DF276CEF9B0004A63E /* Cards */ = {
			isa = PBXGroup;
			children = (
				F82420D9276CE92B0004A63E /* ContextualCardGroup.swift */,
				F82420E1276CEFBD0004A63E /* SmallDisplayCard.swift */,
				F82420E3276CEFCD0004A63E /* BigDisplayCard.swift */,
				F82420E5276CF0150004A63E /* ImageCardView.swift */,
				F82420E9276CF0670004A63E /* DynamicWidthCard.swift */,
				F82420EE276CF7D90004A63E /* GenericCard.swift */,
			);
			path = Cards;
			sourceTree = "<group>";
		};
		F82420F0276D03020004A63E /* Extensions */ = {
			isa = PBXGroup;
			children = (
				F82420F1276D03100004A63E /* Color+Extensions.swift */,
				F824212E276F6B5A0004A63E /* Image+Extensions.swift */,
				F8242131276F6B8B0004A63E /* View+Extensions.swift */,
			);
			path = Extensions;
			sourceTree = "<group>";
		};
		F82420F4276D0CE70004A63E /* Fonts */ = {
			isa = PBXGroup;
			children = (
				F8242134276F6F070004A63E /* roboto.regular.ttf */,
				F8242128276F506B0004A63E /* Roboto-Medium.ttf */,
				F82420F5276D0CFF0004A63E /* Roboto-Regular.ttf */,
			);
			path = Fonts;
			sourceTree = "<group>";
		};
		F82420F8276D1B6E0004A63E /* Components */ = {
			isa = PBXGroup;
			children = (
				F8242116276E091F0004A63E /* CVNavBar.swift */,
				F82420F9276D1B7E0004A63E /* HC3Background.swift */,
				F82420FF276D22530004A63E /* CTAButton.swift */,
				F8242105276DA8D60004A63E /* SmallDisplayIcon.swift */,
				F8242108276DC3B50004A63E /* HC9Background.swift */,
				F824210B276DCEA50004A63E /* HC5Background.swift */,
				F824211F276F27450004A63E /* SwipeDrawerButton.swift */,
				F8242122276F35B80004A63E /* CVLoader.swift */,
				F824212B276F61E30004A63E /* SwipeDrawer.swift */,
			);
			path = Components;
			sourceTree = "<group>";
		};
		F824210F276DF5A80004A63E /* Controllers */ = {
			isa = PBXGroup;
			children = (
				F87A62DB276CD4840083FBE1 /* ContextController.swift */,
			);
			path = Controllers;
			sourceTree = "<group>";
		};
		F839D12F276CD07A00756044 = {
			isa = PBXGroup;
			children = (
				F82420F3276D0AF40004A63E /* ContextualViews--iOS--Info.plist */,
				F839D134276CD07B00756044 /* Shared */,
				F839D143276CD07D00756044 /* macOS */,
				F839D13D276CD07D00756044 /* Products */,
			);
			sourceTree = "<group>";
		};
		F839D134276CD07B00756044 /* Shared */ = {
			isa = PBXGroup;
			children = (
				F87A62E2276CD6950083FBE1 /* Utils */,
				F87A62DE276CD5B60083FBE1 /* Services */,
				F87A62D2276CD3F60083FBE1 /* Models */,
				F87A62D6276CD4230083FBE1 /* Views */,
				F87A62DA276CD4720083FBE1 /* ViewModels */,
				F824210F276DF5A80004A63E /* Controllers */,
				F839D135276CD07B00756044 /* ContextualViewsApp.swift */,
				F839D136276CD07B00756044 /* ContentView.swift */,
				F839D137276CD07D00756044 /* Assets.xcassets */,
				F8242125276F3EFC0004A63E /* LaunchScreen.storyboard */,
			);
			path = Shared;
			sourceTree = "<group>";
		};
		F839D13D276CD07D00756044 /* Products */ = {
			isa = PBXGroup;
			children = (
				F839D13C276CD07D00756044 /* ContextualViews.app */,
				F839D142276CD07D00756044 /* ContextualViews.app */,
			);
			name = Products;
			sourceTree = "<group>";
		};
		F839D143276CD07D00756044 /* macOS */ = {
			isa = PBXGroup;
			children = (
				F839D144276CD07D00756044 /* macOS.entitlements */,
			);
			path = macOS;
			sourceTree = "<group>";
		};
		F87A62D2276CD3F60083FBE1 /* Models */ = {
			isa = PBXGroup;
			children = (
				F87A62D3276CD4020083FBE1 /* Card.swift */,
				F82420DD276CEC330004A63E /* CardItems.swift */,
			);
			path = Models;
			sourceTree = "<group>";
		};
		F87A62D6276CD4230083FBE1 /* Views */ = {
			isa = PBXGroup;
			children = (
				F82420F8276D1B6E0004A63E /* Components */,
				F82420DF276CEF9B0004A63E /* Cards */,
				F87A62D7276CD43A0083FBE1 /* ContextualView.swift */,
				F824211C276E0A460004A63E /* CVNavigationView.swift */,
			);
			path = Views;
			sourceTree = "<group>";
		};
		F87A62DA276CD4720083FBE1 /* ViewModels */ = {
			isa = PBXGroup;
			children = (
				F82420D5276CDF890004A63E /* CardGroupViewModel.swift */,
				F82420EC276CF6B60004A63E /* CardViewModel.swift */,
				F82420FC276D1FBD0004A63E /* CTAViewModel.swift */,
				F8242110276DF6290004A63E /* ContextualViewModel.swift */,
			);
			path = ViewModels;
			sourceTree = "<group>";
		};
		F87A62DE276CD5B60083FBE1 /* Services */ = {
			isa = PBXGroup;
			children = (
				F87A62DF276CD5C50083FBE1 /* Webservice.swift */,
			);
			path = Services;
			sourceTree = "<group>";
		};
		F87A62E2276CD6950083FBE1 /* Utils */ = {
			isa = PBXGroup;
			children = (
				F82420F4276D0CE70004A63E /* Fonts */,
				F82420F0276D03020004A63E /* Extensions */,
				F82420D3276CDBF10004A63E /* Constants.swift */,
			);
			path = Utils;
			sourceTree = "<group>";
		};
/* End PBXGroup section */

/* Begin PBXNativeTarget section */
		F839D13B276CD07D00756044 /* ContextualViews (iOS) */ = {
			isa = PBXNativeTarget;
			buildConfigurationList = F839D14D276CD07D00756044 /* Build configuration list for PBXNativeTarget "ContextualViews (iOS)" */;
			buildPhases = (
				F839D138276CD07D00756044 /* Sources */,
				F839D139276CD07D00756044 /* Frameworks */,
				F839D13A276CD07D00756044 /* Resources */,
			);
			buildRules = (
			);
			dependencies = (
			);
			name = "ContextualViews (iOS)";
			packageProductDependencies = (
				F8242114276E045A0004A63E /* CachedAsyncImage */,
			);
			productName = "ContextualViews (iOS)";
			productReference = F839D13C276CD07D00756044 /* ContextualViews.app */;
			productType = "com.apple.product-type.application";
		};
		F839D141276CD07D00756044 /* ContextualViews (macOS) */ = {
			isa = PBXNativeTarget;
			buildConfigurationList = F839D150276CD07D00756044 /* Build configuration list for PBXNativeTarget "ContextualViews (macOS)" */;
			buildPhases = (
				F839D13E276CD07D00756044 /* Sources */,
				F839D13F276CD07D00756044 /* Frameworks */,
				F839D140276CD07D00756044 /* Resources */,
			);
			buildRules = (
			);
			dependencies = (
			);
			name = "ContextualViews (macOS)";
			productName = "ContextualViews (macOS)";
			productReference = F839D142276CD07D00756044 /* ContextualViews.app */;
			productType = "com.apple.product-type.application";
		};
/* End PBXNativeTarget section */

/* Begin PBXProject section */
		F839D130276CD07A00756044 /* Project object */ = {
			isa = PBXProject;
			attributes = {
				BuildIndependentTargetsInParallel = 1;
				LastSwiftUpdateCheck = 1310;
				LastUpgradeCheck = 1310;
				TargetAttributes = {
					F839D13B276CD07D00756044 = {
						CreatedOnToolsVersion = 13.1;
					};
					F839D141276CD07D00756044 = {
						CreatedOnToolsVersion = 13.1;
					};
				};
			};
			buildConfigurationList = F839D133276CD07A00756044 /* Build configuration list for PBXProject "ContextualViews" */;
			compatibilityVersion = "Xcode 13.0";
			developmentRegion = en;
			hasScannedForEncodings = 0;
			knownRegions = (
				en,
				Base,
			);
			mainGroup = F839D12F276CD07A00756044;
			packageReferences = (
				F8242113276E045A0004A63E /* XCRemoteSwiftPackageReference "SwiftUI-CachedAsyncImage" */,
			);
			productRefGroup = F839D13D276CD07D00756044 /* Products */;
			projectDirPath = "";
			projectRoot = "";
			targets = (
				F839D13B276CD07D00756044 /* ContextualViews (iOS) */,
				F839D141276CD07D00756044 /* ContextualViews (macOS) */,
			);
		};
/* End PBXProject section */

/* Begin PBXResourcesBuildPhase section */
		F839D13A276CD07D00756044 /* Resources */ = {
			isa = PBXResourcesBuildPhase;
			buildActionMask = 2147483647;
			files = (
				F8242126276F3EFC0004A63E /* LaunchScreen.storyboard in Resources */,
				F839D149276CD07D00756044 /* Assets.xcassets in Resources */,
				F8242129276F506B0004A63E /* Roboto-Medium.ttf in Resources */,
				F82420F6276D0CFF0004A63E /* Roboto-Regular.ttf in Resources */,
				F8242135276F6F070004A63E /* roboto.regular.ttf in Resources */,
			);
			runOnlyForDeploymentPostprocessing = 0;
		};
		F839D140276CD07D00756044 /* Resources */ = {
			isa = PBXResourcesBuildPhase;
			buildActionMask = 2147483647;
			files = (
				F8242127276F3EFC0004A63E /* LaunchScreen.storyboard in Resources */,
				F839D14A276CD07D00756044 /* Assets.xcassets in Resources */,
				F824212A276F506B0004A63E /* Roboto-Medium.ttf in Resources */,
				F82420F7276D0CFF0004A63E /* Roboto-Regular.ttf in Resources */,
				F8242136276F6F070004A63E /* roboto.regular.ttf in Resources */,
			);
			runOnlyForDeploymentPostprocessing = 0;
		};
/* End PBXResourcesBuildPhase section */

/* Begin PBXSourcesBuildPhase section */
		F839D138276CD07D00756044 /* Sources */ = {
			isa = PBXSourcesBuildPhase;
			buildActionMask = 2147483647;
			files = (
				F8242123276F35B80004A63E /* CVLoader.swift in Sources */,
				F824212F276F6B5A0004A63E /* Image+Extensions.swift in Sources */,
				F8242100276D22530004A63E /* CTAButton.swift in Sources */,
				F839D147276CD07D00756044 /* ContentView.swift in Sources */,
				F82420EF276CF7D90004A63E /* GenericCard.swift in Sources */,
				F8242132276F6B8B0004A63E /* View+Extensions.swift in Sources */,
				F8242109276DC3B50004A63E /* HC9Background.swift in Sources */,
				F82420E4276CEFCD0004A63E /* BigDisplayCard.swift in Sources */,
				F8242111276DF6290004A63E /* ContextualViewModel.swift in Sources */,
				F87A62DC276CD4840083FBE1 /* ContextController.swift in Sources */,
				F87A62E0276CD5C50083FBE1 /* Webservice.swift in Sources */,
				F87A62D8276CD43A0083FBE1 /* ContextualView.swift in Sources */,
				F82420D4276CDBF10004A63E /* Constants.swift in Sources */,
				F82420FA276D1B7E0004A63E /* HC3Background.swift in Sources */,
				F839D145276CD07D00756044 /* ContextualViewsApp.swift in Sources */,
				F82420DA276CE92B0004A63E /* ContextualCardGroup.swift in Sources */,
				F82420EA276CF0670004A63E /* DynamicWidthCard.swift in Sources */,
				F8242106276DA8D60004A63E /* SmallDisplayIcon.swift in Sources */,
				F82420E6276CF0150004A63E /* ImageCardView.swift in Sources */,
				F82420D6276CDF890004A63E /* CardGroupViewModel.swift in Sources */,
				F82420F2276D03100004A63E /* Color+Extensions.swift in Sources */,
				F8242117276E091F0004A63E /* CVNavBar.swift in Sources */,
				F824212C276F61E30004A63E /* SwipeDrawer.swift in Sources */,
				F82420ED276CF6B60004A63E /* CardViewModel.swift in Sources */,
				F824211D276E0A460004A63E /* CVNavigationView.swift in Sources */,
				F82420DE276CEC330004A63E /* CardItems.swift in Sources */,
				F82420E2276CEFBD0004A63E /* SmallDisplayCard.swift in Sources */,
				F824210C276DCEA50004A63E /* HC5Background.swift in Sources */,
				F8242120276F27450004A63E /* SwipeDrawerButton.swift in Sources */,
				F87A62D4276CD4020083FBE1 /* Card.swift in Sources */,
				F82420FD276D1FBD0004A63E /* CTAViewModel.swift in Sources */,
			);
			runOnlyForDeploymentPostprocessing = 0;
		};
		F839D13E276CD07D00756044 /* Sources */ = {
			isa = PBXSourcesBuildPhase;
			buildActionMask = 2147483647;
			files = (
				F839D148276CD07D00756044 /* ContentView.swift in Sources */,
				F82420FE276D1FBD0004A63E /* CTAViewModel.swift in Sources */,
				F82420FB276D1B7E0004A63E /* HC3Background.swift in Sources */,
				F87A62DD276CD4840083FBE1 /* ContextController.swift in Sources */,
				F8242107276DA8D60004A63E /* SmallDisplayIcon.swift in Sources */,
				F8242118276E091F0004A63E /* CVNavBar.swift in Sources */,
				F87A62E1276CD5C50083FBE1 /* Webservice.swift in Sources */,
				F8242112276DF6290004A63E /* ContextualViewModel.swift in Sources */,
				F8242101276D22530004A63E /* CTAButton.swift in Sources */,
				F8242133276F6B8B0004A63E /* View+Extensions.swift in Sources */,
				F87A62D9276CD43A0083FBE1 /* ContextualView.swift in Sources */,
				F8242130276F6B5A0004A63E /* Image+Extensions.swift in Sources */,
				F824211E276E0A460004A63E /* CVNavigationView.swift in Sources */,
				F824210A276DC3B50004A63E /* HC9Background.swift in Sources */,
				F824212D276F61E30004A63E /* SwipeDrawer.swift in Sources */,
				F8242124276F35B80004A63E /* CVLoader.swift in Sources */,
				F8242121276F27450004A63E /* SwipeDrawerButton.swift in Sources */,
				F824210D276DCEA50004A63E /* HC5Background.swift in Sources */,
				F839D146276CD07D00756044 /* ContextualViewsApp.swift in Sources */,
				F87A62D5276CD4020083FBE1 /* Card.swift in Sources */,
			);
			runOnlyForDeploymentPostprocessing = 0;
		};
/* End PBXSourcesBuildPhase section */

/* Begin XCBuildConfiguration section */
		F839D14B276CD07D00756044 /* Debug */ = {
			isa = XCBuildConfiguration;
			buildSettings = {
				ALWAYS_SEARCH_USER_PATHS = NO;
				CLANG_ANALYZER_NONNULL = YES;
				CLANG_ANALYZER_NUMBER_OBJECT_CONVERSION = YES_AGGRESSIVE;
				CLANG_CXX_LANGUAGE_STANDARD = "gnu++17";
				CLANG_CXX_LIBRARY = "libc++";
				CLANG_ENABLE_MODULES = YES;
				CLANG_ENABLE_OBJC_ARC = YES;
				CLANG_ENABLE_OBJC_WEAK = YES;
				CLANG_WARN_BLOCK_CAPTURE_AUTORELEASING = YES;
				CLANG_WARN_BOOL_CONVERSION = YES;
				CLANG_WARN_COMMA = YES;
				CLANG_WARN_CONSTANT_CONVERSION = YES;
				CLANG_WARN_DEPRECATED_OBJC_IMPLEMENTATIONS = YES;
				CLANG_WARN_DIRECT_OBJC_ISA_USAGE = YES_ERROR;
				CLANG_WARN_DOCUMENTATION_COMMENTS = YES;
				CLANG_WARN_EMPTY_BODY = YES;
				CLANG_WARN_ENUM_CONVERSION = YES;
				CLANG_WARN_INFINITE_RECURSION = YES;
				CLANG_WARN_INT_CONVERSION = YES;
				CLANG_WARN_NON_LITERAL_NULL_CONVERSION = YES;
				CLANG_WARN_OBJC_IMPLICIT_RETAIN_SELF = YES;
				CLANG_WARN_OBJC_LITERAL_CONVERSION = YES;
				CLANG_WARN_OBJC_ROOT_CLASS = YES_ERROR;
				CLANG_WARN_QUOTED_INCLUDE_IN_FRAMEWORK_HEADER = YES;
				CLANG_WARN_RANGE_LOOP_ANALYSIS = YES;
				CLANG_WARN_STRICT_PROTOTYPES = YES;
				CLANG_WARN_SUSPICIOUS_MOVE = YES;
				CLANG_WARN_UNGUARDED_AVAILABILITY = YES_AGGRESSIVE;
				CLANG_WARN_UNREACHABLE_CODE = YES;
				CLANG_WARN__DUPLICATE_METHOD_MATCH = YES;
				COPY_PHASE_STRIP = NO;
				DEBUG_INFORMATION_FORMAT = dwarf;
				ENABLE_STRICT_OBJC_MSGSEND = YES;
				ENABLE_TESTABILITY = YES;
				GCC_C_LANGUAGE_STANDARD = gnu11;
				GCC_DYNAMIC_NO_PIC = NO;
				GCC_NO_COMMON_BLOCKS = YES;
				GCC_OPTIMIZATION_LEVEL = 0;
				GCC_PREPROCESSOR_DEFINITIONS = (
					"DEBUG=1",
					"$(inherited)",
				);
				GCC_WARN_64_TO_32_BIT_CONVERSION = YES;
				GCC_WARN_ABOUT_RETURN_TYPE = YES_ERROR;
				GCC_WARN_UNDECLARED_SELECTOR = YES;
				GCC_WARN_UNINITIALIZED_AUTOS = YES_AGGRESSIVE;
				GCC_WARN_UNUSED_FUNCTION = YES;
				GCC_WARN_UNUSED_VARIABLE = YES;
				MTL_ENABLE_DEBUG_INFO = INCLUDE_SOURCE;
				MTL_FAST_MATH = YES;
				ONLY_ACTIVE_ARCH = YES;
				SWIFT_ACTIVE_COMPILATION_CONDITIONS = DEBUG;
				SWIFT_OPTIMIZATION_LEVEL = "-Onone";
			};
			name = Debug;
		};
		F839D14C276CD07D00756044 /* Release */ = {
			isa = XCBuildConfiguration;
			buildSettings = {
				ALWAYS_SEARCH_USER_PATHS = NO;
				CLANG_ANALYZER_NONNULL = YES;
				CLANG_ANALYZER_NUMBER_OBJECT_CONVERSION = YES_AGGRESSIVE;
				CLANG_CXX_LANGUAGE_STANDARD = "gnu++17";
				CLANG_CXX_LIBRARY = "libc++";
				CLANG_ENABLE_MODULES = YES;
				CLANG_ENABLE_OBJC_ARC = YES;
				CLANG_ENABLE_OBJC_WEAK = YES;
				CLANG_WARN_BLOCK_CAPTURE_AUTORELEASING = YES;
				CLANG_WARN_BOOL_CONVERSION = YES;
				CLANG_WARN_COMMA = YES;
				CLANG_WARN_CONSTANT_CONVERSION = YES;
				CLANG_WARN_DEPRECATED_OBJC_IMPLEMENTATIONS = YES;
				CLANG_WARN_DIRECT_OBJC_ISA_USAGE = YES_ERROR;
				CLANG_WARN_DOCUMENTATION_COMMENTS = YES;
				CLANG_WARN_EMPTY_BODY = YES;
				CLANG_WARN_ENUM_CONVERSION = YES;
				CLANG_WARN_INFINITE_RECURSION = YES;
				CLANG_WARN_INT_CONVERSION = YES;
				CLANG_WARN_NON_LITERAL_NULL_CONVERSION = YES;
				CLANG_WARN_OBJC_IMPLICIT_RETAIN_SELF = YES;
				CLANG_WARN_OBJC_LITERAL_CONVERSION = YES;
				CLANG_WARN_OBJC_ROOT_CLASS = YES_ERROR;
				CLANG_WARN_QUOTED_INCLUDE_IN_FRAMEWORK_HEADER = YES;
				CLANG_WARN_RANGE_LOOP_ANALYSIS = YES;
				CLANG_WARN_STRICT_PROTOTYPES = YES;
				CLANG_WARN_SUSPICIOUS_MOVE = YES;
				CLANG_WARN_UNGUARDED_AVAILABILITY = YES_AGGRESSIVE;
				CLANG_WARN_UNREACHABLE_CODE = YES;
				CLANG_WARN__DUPLICATE_METHOD_MATCH = YES;
				COPY_PHASE_STRIP = NO;
				DEBUG_INFORMATION_FORMAT = "dwarf-with-dsym";
				ENABLE_NS_ASSERTIONS = NO;
				ENABLE_STRICT_OBJC_MSGSEND = YES;
				GCC_C_LANGUAGE_STANDARD = gnu11;
				GCC_NO_COMMON_BLOCKS = YES;
				GCC_WARN_64_TO_32_BIT_CONVERSION = YES;
				GCC_WARN_ABOUT_RETURN_TYPE = YES_ERROR;
				GCC_WARN_UNDECLARED_SELECTOR = YES;
				GCC_WARN_UNINITIALIZED_AUTOS = YES_AGGRESSIVE;
				GCC_WARN_UNUSED_FUNCTION = YES;
				GCC_WARN_UNUSED_VARIABLE = YES;
				MTL_ENABLE_DEBUG_INFO = NO;
				MTL_FAST_MATH = YES;
				SWIFT_COMPILATION_MODE = wholemodule;
				SWIFT_OPTIMIZATION_LEVEL = "-O";
			};
			name = Release;
		};
		F839D14E276CD07D00756044 /* Debug */ = {
			isa = XCBuildConfiguration;
			buildSettings = {
				ASSETCATALOG_COMPILER_APPICON_NAME = AppIcon;
				ASSETCATALOG_COMPILER_GLOBAL_ACCENT_COLOR_NAME = AccentColor;
				CODE_SIGN_STYLE = Automatic;
				CURRENT_PROJECT_VERSION = 1;
				ENABLE_PREVIEWS = YES;
				GENERATE_INFOPLIST_FILE = YES;
				INFOPLIST_FILE = "ContextualViews--iOS--Info.plist";
				INFOPLIST_KEY_UIApplicationSceneManifest_Generation = YES;
				INFOPLIST_KEY_UIApplicationSupportsIndirectInputEvents = YES;
				INFOPLIST_KEY_UILaunchStoryboardName = LaunchScreen;
				INFOPLIST_KEY_UISupportedInterfaceOrientations_iPad = "UIInterfaceOrientationPortrait UIInterfaceOrientationPortraitUpsideDown UIInterfaceOrientationLandscapeLeft UIInterfaceOrientationLandscapeRight";
				INFOPLIST_KEY_UISupportedInterfaceOrientations_iPhone = "UIInterfaceOrientationPortrait UIInterfaceOrientationLandscapeLeft UIInterfaceOrientationLandscapeRight";
				IPHONEOS_DEPLOYMENT_TARGET = 15.0;
				LD_RUNPATH_SEARCH_PATHS = (
					"$(inherited)",
					"@executable_path/Frameworks",
				);
				MARKETING_VERSION = 1.0;
				PRODUCT_BUNDLE_IDENTIFIER = com.atinagnihotri.ContextualViews;
				PRODUCT_NAME = ContextualViews;
				SDKROOT = iphoneos;
				SWIFT_EMIT_LOC_STRINGS = YES;
				SWIFT_VERSION = 5.0;
				TARGETED_DEVICE_FAMILY = 1;
			};
			name = Debug;
		};
		F839D14F276CD07D00756044 /* Release */ = {
			isa = XCBuildConfiguration;
			buildSettings = {
				ASSETCATALOG_COMPILER_APPICON_NAME = AppIcon;
				ASSETCATALOG_COMPILER_GLOBAL_ACCENT_COLOR_NAME = AccentColor;
				CODE_SIGN_STYLE = Automatic;
				CURRENT_PROJECT_VERSION = 1;
				ENABLE_PREVIEWS = YES;
				GENERATE_INFOPLIST_FILE = YES;
				INFOPLIST_FILE = "ContextualViews--iOS--Info.plist";
				INFOPLIST_KEY_UIApplicationSceneManifest_Generation = YES;
				INFOPLIST_KEY_UIApplicationSupportsIndirectInputEvents = YES;
				INFOPLIST_KEY_UILaunchStoryboardName = LaunchScreen;
				INFOPLIST_KEY_UISupportedInterfaceOrientations_iPad = "UIInterfaceOrientationPortrait UIInterfaceOrientationPortraitUpsideDown UIInterfaceOrientationLandscapeLeft UIInterfaceOrientationLandscapeRight";
				INFOPLIST_KEY_UISupportedInterfaceOrientations_iPhone = "UIInterfaceOrientationPortrait UIInterfaceOrientationLandscapeLeft UIInterfaceOrientationLandscapeRight";
				IPHONEOS_DEPLOYMENT_TARGET = 15.0;
				LD_RUNPATH_SEARCH_PATHS = (
					"$(inherited)",
					"@executable_path/Frameworks",
				);
				MARKETING_VERSION = 1.0;
				PRODUCT_BUNDLE_IDENTIFIER = com.atinagnihotri.ContextualViews;
				PRODUCT_NAME = ContextualViews;
				SDKROOT = iphoneos;
				SWIFT_EMIT_LOC_STRINGS = YES;
				SWIFT_VERSION = 5.0;
				TARGETED_DEVICE_FAMILY = 1;
				VALIDATE_PRODUCT = YES;
			};
			name = Release;
		};
		F839D151276CD07D00756044 /* Debug */ = {
			isa = XCBuildConfiguration;
			buildSettings = {
				ASSETCATALOG_COMPILER_APPICON_NAME = AppIcon;
				ASSETCATALOG_COMPILER_GLOBAL_ACCENT_COLOR_NAME = AccentColor;
				CODE_SIGN_ENTITLEMENTS = macOS/macOS.entitlements;
				CODE_SIGN_STYLE = Automatic;
				COMBINE_HIDPI_IMAGES = YES;
				CURRENT_PROJECT_VERSION = 1;
				ENABLE_PREVIEWS = YES;
				GENERATE_INFOPLIST_FILE = YES;
				INFOPLIST_KEY_NSHumanReadableCopyright = "";
				LD_RUNPATH_SEARCH_PATHS = (
					"$(inherited)",
					"@executable_path/../Frameworks",
				);
				MACOSX_DEPLOYMENT_TARGET = 11.6;
				MARKETING_VERSION = 1.0;
				PRODUCT_BUNDLE_IDENTIFIER = com.atinagnihotri.ContextualViews;
				PRODUCT_NAME = ContextualViews;
				SDKROOT = macosx;
				SWIFT_EMIT_LOC_STRINGS = YES;
				SWIFT_VERSION = 5.0;
			};
			name = Debug;
		};
		F839D152276CD07D00756044 /* Release */ = {
			isa = XCBuildConfiguration;
			buildSettings = {
				ASSETCATALOG_COMPILER_APPICON_NAME = AppIcon;
				ASSETCATALOG_COMPILER_GLOBAL_ACCENT_COLOR_NAME = AccentColor;
				CODE_SIGN_ENTITLEMENTS = macOS/macOS.entitlements;
				CODE_SIGN_STYLE = Automatic;
				COMBINE_HIDPI_IMAGES = YES;
				CURRENT_PROJECT_VERSION = 1;
				ENABLE_PREVIEWS = YES;
				GENERATE_INFOPLIST_FILE = YES;
				INFOPLIST_KEY_NSHumanReadableCopyright = "";
				LD_RUNPATH_SEARCH_PATHS = (
					"$(inherited)",
					"@executable_path/../Frameworks",
				);
				MACOSX_DEPLOYMENT_TARGET = 11.6;
				MARKETING_VERSION = 1.0;
				PRODUCT_BUNDLE_IDENTIFIER = com.atinagnihotri.ContextualViews;
				PRODUCT_NAME = ContextualViews;
				SDKROOT = macosx;
				SWIFT_EMIT_LOC_STRINGS = YES;
				SWIFT_VERSION = 5.0;
			};
			name = Release;
		};
/* End XCBuildConfiguration section */

/* Begin XCConfigurationList section */
		F839D133276CD07A00756044 /* Build configuration list for PBXProject "ContextualViews" */ = {
			isa = XCConfigurationList;
			buildConfigurations = (
				F839D14B276CD07D00756044 /* Debug */,
				F839D14C276CD07D00756044 /* Release */,
			);
			defaultConfigurationIsVisible = 0;
			defaultConfigurationName = Release;
		};
		F839D14D276CD07D00756044 /* Build configuration list for PBXNativeTarget "ContextualViews (iOS)" */ = {
			isa = XCConfigurationList;
			buildConfigurations = (
				F839D14E276CD07D00756044 /* Debug */,
				F839D14F276CD07D00756044 /* Release */,
			);
			defaultConfigurationIsVisible = 0;
			defaultConfigurationName = Release;
		};
		F839D150276CD07D00756044 /* Build configuration list for PBXNativeTarget "ContextualViews (macOS)" */ = {
			isa = XCConfigurationList;
			buildConfigurations = (
				F839D151276CD07D00756044 /* Debug */,
				F839D152276CD07D00756044 /* Release */,
			);
			defaultConfigurationIsVisible = 0;
			defaultConfigurationName = Release;
		};
/* End XCConfigurationList section */

/* Begin XCRemoteSwiftPackageReference section */
		F8242113276E045A0004A63E /* XCRemoteSwiftPackageReference "SwiftUI-CachedAsyncImage" */ = {
			isa = XCRemoteSwiftPackageReference;
			repositoryURL = "https://github.com/lorenzofiamingo/SwiftUI-CachedAsyncImage";
			requirement = {
				kind = upToNextMajorVersion;
				minimumVersion = 1.0.0;
			};
		};
/* End XCRemoteSwiftPackageReference section */

/* Begin XCSwiftPackageProductDependency section */
		F8242114276E045A0004A63E /* CachedAsyncImage */ = {
			isa = XCSwiftPackageProductDependency;
			package = F8242113276E045A0004A63E /* XCRemoteSwiftPackageReference "SwiftUI-CachedAsyncImage" */;
			productName = CachedAsyncImage;
		};
/* End XCSwiftPackageProductDependency section */
	};
	rootObject = F839D130276CD07A00756044 /* Project object */;
}
